
Microsoft Visual Studio Solution File, Format Version 12.00
# Visual Studio Version 17
VisualStudioVersion = 17.0.31903.59
MinimumVisualStudioVersion = 10.0.40219.1
Project("{9A19103F-16F7-4668-BE54-9A1E7A4F7556}") = "Math.Computer", "Math.Computer\Math.Computer.csproj", "{7C5B48A6-3CDA-48FB-BB89-70C7B4A8741D}"
EndProject
Project("{9A19103F-16F7-4668-BE54-9A1E7A4F7556}") = "devshell", "devshell\devshell.csproj", "{C55CBFFB-E136-4589-AA47-0AD89CBD6DF8}"
EndProject
Project("{FAE04EC0-301F-11D3-BF4B-00C04F79EFBC}") = "Math.NCompose", "Math.NCompose\Math.NCompose.csproj", "{F22D510C-D69F-4DFB-85A6-234DCD1665E4}"
EndProject
Global
	GlobalSection(SolutionConfigurationPlatforms) = preSolution
		Debug|Any CPU = Debug|Any CPU
		Release|Any CPU = Release|Any CPU
	EndGlobalSection
	GlobalSection(ProjectConfigurationPlatforms) = postSolution
		{7C5B48A6-3CDA-48FB-BB89-70C7B4A8741D}.Debug|Any CPU.ActiveCfg = Debug|Any CPU
		{7C5B48A6-3CDA-48FB-BB89-70C7B4A8741D}.Debug|Any CPU.Build.0 = Debug|Any CPU
		{7C5B48A6-3CDA-48FB-BB89-70C7B4A8741D}.Release|Any CPU.ActiveCfg = Release|Any CPU
		{7C5B48A6-3CDA-48FB-BB89-70C7B4A8741D}.Release|Any CPU.Build.0 = Release|Any CPU
		{C55CBFFB-E136-4589-AA47-0AD89CBD6DF8}.Debug|Any CPU.ActiveCfg = Debug|Any CPU
		{C55CBFFB-E136-4589-AA47-0AD89CBD6DF8}.Debug|Any CPU.Build.0 = Debug|Any CPU
		{C55CBFFB-E136-4589-AA47-0AD89CBD6DF8}.Release|Any CPU.ActiveCfg = Release|Any CPU
		{C55CBFFB-E136-4589-AA47-0AD89CBD6DF8}.Release|Any CPU.Build.0 = Release|Any CPU
		{F22D510C-D69F-4DFB-85A6-234DCD1665E4}.Debug|Any CPU.ActiveCfg = Debug|Any CPU
		{F22D510C-D69F-4DFB-85A6-234DCD1665E4}.Debug|Any CPU.Build.0 = Debug|Any CPU
		{F22D510C-D69F-4DFB-85A6-234DCD1665E4}.Release|Any CPU.ActiveCfg = Release|Any CPU
		{F22D510C-D69F-4DFB-85A6-234DCD1665E4}.Release|Any CPU.Build.0 = Release|Any CPU
	EndGlobalSection
	GlobalSection(SolutionProperties) = preSolution
		HideSolutionNode = FALSE
	EndGlobalSection
	GlobalSection(ExtensibilityGlobals) = postSolution
		SolutionGuid = {00E1B93F-B9BE-4251-892F-4675D364D5FD}
	EndGlobalSection
EndGlobal
